
Microsoft Visual Studio Solution File, Format Version 12.00
# Visual Studio 2010
Project("{8BC9CEB8-8B4A-11D0-8D11-00A0C91BC942}") = "CDTry3", "CDTry3\CDTry3.vcxproj", "{0CB2253A-ED99-4A75-BCCA-824F1C11A146}"
EndProject
Global
	GlobalSection(SolutionConfigurationPlatforms) = preSolution
		Debug|x64 = Debug|x64
		Release|x64 = Release|x64
	EndGlobalSection
	GlobalSection(ProjectConfigurationPlatforms) = postSolution
		{0CB2253A-ED99-4A75-BCCA-824F1C11A146}.Debug|x64.ActiveCfg = Debug|x64
		{0CB2253A-ED99-4A75-BCCA-824F1C11A146}.Release|x64.ActiveCfg = Release|x64
	EndGlobalSection
	GlobalSection(SolutionProperties) = preSolution
		HideSolutionNode = FALSE
	EndGlobalSection
EndGlobal
